version: 1
openapi_sha256: 22560d4b15fc44d83be3f5c3ca880f9a2ca227f4d2e70f1930e80eca39ea009a
module_fingerprints:
  tasks: 6a3299a2ce8c1181d662e372a8601ca28ebb76b1c0f5dcf6d1c60f748b660c7f
case_fingerprints:
  CANCELTASK_POST_TASKS_TASKID_CANCEL_SUCCESS: 71a6730100d2a8f4c3409662dd9de749587b446d94c23a5bf9cb1cde6b256888
  CANCELTASK_POST_TASKS_TASKID_CANCEL_TASK_CANCEL_QUEUED: 94526fcd53ac39d6ccf87326be8dc24b70d9fbf94239fa5a39fd6372cf4b5a95
  CANCELTASK_POST_TASKS_TASKID_CANCEL_TASK_CANCEL_RUNNING: b2d038accb7d42381a43655c3e463f4984434e2f9fdec041d7ec3980bee20182
  CREATETASK_POST_TASKS_INVALID_BODY_ENUM_TASKTYPE: e64085edb1994a59f0a7cbda2b5ca50f09ae1cf3a9aa389bc7123de3ddfe1ba2
  CREATETASK_POST_TASKS_INVALID_CONTENT_TYPE: 7c567bc69b68c18753de82a6e9c1255b78138bbae28059660f79a9d152f0c306
  CREATETASK_POST_TASKS_INVALID_MAXLENGTH_IDEMPOTENCY_KEY: 4bfd86c822791d7418b6fa9b2cc7cca382c4c4b2d1d7f60934af4f4d43bcaa4e
  CREATETASK_POST_TASKS_INVALID_MINLENGTH_IDEMPOTENCY_KEY: ed48d83c145910492ef7cc842118436f7a6ea0b0daa89eb7789fc74d68646a8a
  CREATETASK_POST_TASKS_INVALID_MINLENGTH_X_TENANT_ID: 88295306341a867ea6ed99481361ede664f2942d457a3fda2458f144d5878ce1
  CREATETASK_POST_TASKS_MISSING_BODY_PAYLOAD: 71ba5997107be2f53b77a272d0c00f38dc1ed4ba86b1876621f62070ba439742
  CREATETASK_POST_TASKS_MISSING_BODY_TASKTYPE: 6b19f46706e7fbc5e0a50c8c5fd5ce4bca00bf6613adcf9bfa3a1b3582e55077
  CREATETASK_POST_TASKS_MISSING_IDEMPOTENCY_KEY: e60c8d0496fd837b939878f828eb905046e69c7ae7bbc53f028ce6734ab2d28d
  CREATETASK_POST_TASKS_MISSING_X_TENANT_ID: 6bd9e9b52c404ed5337cdd09f772ddf1e0d32788c275bbba49e3bc95cfdee741
  CREATETASK_POST_TASKS_SUCCESS: a71a68f81a9d5c65287b5e2dfe4e0d074e266887abfd6b3b24a71b0102757462
  CREATETASK_POST_TASKS_TASK_CREATE_ACCEPTED: 5d0b911baffb0ca4cf141a1e4f8e048c63e2f18e3ab56a8e573cddc9e235a875
  CREATETASK_POST_TASKS_TASK_CREATE_CONFLICT: 29d5a9409ea9aa310fa9a937960fb50a4b89bfdad6e97edebf5c39a863039ffe
  GETTASK_GET_TASKS_TASKID_SUCCESS: 736280dec7471b6dfd3d321118adfaa6077eb469413bb5be43184e718d71ba6f
  GETTASK_GET_TASKS_TASKID_TASK_GET_MISSING: 8159b508e306ae89ae03913e68c904ef17340f6a4f1cc86dd793755cbbee572b
  GETTASK_GET_TASKS_TASKID_TASK_GET_OWNED: d11a62a1dba15ad17b4b5381cdb46bfc20be4e7bbf0656a95a57f24e84743edc
  LISTTASKS_GET_TASKS_BOUNDARY_PAGE: 795634bdf8bd66bd244ef6f386c33fc996eb5b34e57d6a7a7c1279108685139d
  LISTTASKS_GET_TASKS_BOUNDARY_PAGESIZE: f60d1665df4e906c6ae85fa720b304f06c17c194dd9587218c6e5da0808559e5
  LISTTASKS_GET_TASKS_INVALID_MAXIMUM_PAGESIZE: 8d8ae48cd3f8f08982b420272dd2f52f95fc756905903f013538f3fe1e195004
  LISTTASKS_GET_TASKS_INVALID_MINIMUM_PAGE: 3dd3f09bb100a29373cd065bc3a524cfdeac3f8318b13b39b97867b30fbdaa56
  LISTTASKS_GET_TASKS_INVALID_MINIMUM_PAGESIZE: 44dfa5bc458153e5fb04c473aae27b8119623fe0fed573b197f236484ed50a97
  LISTTASKS_GET_TASKS_INVALID_MINLENGTH_X_TENANT_ID: 6f0918a283193cdace41862f4908388746e42dff5dbde307e7c61dd70a9099b7
  LISTTASKS_GET_TASKS_INVALID_SORT: 2ac9a4ff1dfc58d6cebc7f0079af879303fbcd3b7e585be6612914948e345acb
  LISTTASKS_GET_TASKS_INVALID_STATUS: 6ec89c8dabec4a2552100f886c1b907824cf2e5f952c69bde6428d20ccea7282
  LISTTASKS_GET_TASKS_MISSING_X_TENANT_ID: 84a9fec8feedc0354395f5ac2d3d3ce9d1c3497de160229113324da008f27d33
  LISTTASKS_GET_TASKS_QUERY_COMBINED: 71f2060a7c5249c0fcec0dfd24acda347df9a2bd896b107501547295ab13a581
  LISTTASKS_GET_TASKS_QUERY_SORT: aa67749498c30f7fea4aa6f0889b20515f172fa555ad42007311176ffdc1dd8b
  LISTTASKS_GET_TASKS_QUERY_STATUS: 5d96f3e6b92a803c07e4affb88048bb686864b9f6bcef9866379071b08525ddc
  LISTTASKS_GET_TASKS_SUCCESS: 5a27c18e9ebf1927f6ddf4362c204c032902bd52b49b80cd41474d6e7ae0cfb6
  LISTTASKS_GET_TASKS_TASK_LIST_EMPTY: 8eb5fa496cb8cc48c7b5ae555c2131c0b0495d2539db9d998f9f1c4323e2c699
  LISTTASKS_GET_TASKS_TASK_LIST_PAGE: 99ff102c41feafbdfe911f608de63d452cfdfdeb09d832c6f7e87c1aa5e68037
generation_state_fingerprint: a1eb35431105dc38c90b4cf299ca533dd73170f0bf92be0038d188706003db50
